
Microsoft Visual Studio Solution File, Format Version 12.00
# Visual Studio Version 17
VisualStudioVersion = 17.9.34723.18
MinimumVisualStudioVersion = 10.0.40219.1
Project("{FAE04EC0-301F-11D3-BF4B-00C04F79EFBC}") = "matchProdutosClientesFunction", "matchProdutosClientesFunction\matchProdutosClientesFunction.csproj", "{78002369-BCC4-4E01-970C-B7734EB1CDE3}"
EndProject
Global
	GlobalSection(SolutionConfigurationPlatforms) = preSolution
		Debug|Any CPU = Debug|Any CPU
		Release|Any CPU = Release|Any CPU
	EndGlobalSection
	GlobalSection(ProjectConfigurationPlatforms) = postSolution
		{78002369-BCC4-4E01-970C-B7734EB1CDE3}.Debug|Any CPU.ActiveCfg = Debug|Any CPU
		{78002369-BCC4-4E01-970C-B7734EB1CDE3}.Debug|Any CPU.Build.0 = Debug|Any CPU
		{78002369-BCC4-4E01-970C-B7734EB1CDE3}.Release|Any CPU.ActiveCfg = Release|Any CPU
		{78002369-BCC4-4E01-970C-B7734EB1CDE3}.Release|Any CPU.Build.0 = Release|Any CPU
	EndGlobalSection
	GlobalSection(SolutionProperties) = preSolution
		HideSolutionNode = FALSE
	EndGlobalSection
	GlobalSection(ExtensibilityGlobals) = postSolution
		SolutionGuid = {B3157F8F-51E7-437C-BFFF-1BBFB396E9AA}
	EndGlobalSection
EndGlobal
